
Microsoft Visual Studio Solution File, Format Version 12.00
# Visual Studio Version 16
VisualStudioVersion = 16.0.30204.135
MinimumVisualStudioVersion = 10.0.40219.1
Project("{FAE04EC0-301F-11D3-BF4B-00C04F79EFBC}") = "WebInvestigation", "WebInvestigation\WebInvestigation.csproj", "{D98F77FA-9709-45EB-BCA4-5ABCB6493F01}"
EndProject
Global
	GlobalSection(SolutionConfigurationPlatforms) = preSolution
		Debug|Any CPU = Debug|Any CPU
		Release|Any CPU = Release|Any CPU
	EndGlobalSection
	GlobalSection(ProjectConfigurationPlatforms) = postSolution
		{D98F77FA-9709-45EB-BCA4-5ABCB6493F01}.Debug|Any CPU.ActiveCfg = Debug|Any CPU
		{D98F77FA-9709-45EB-BCA4-5ABCB6493F01}.Debug|Any CPU.Build.0 = Debug|Any CPU
		{D98F77FA-9709-45EB-BCA4-5ABCB6493F01}.Release|Any CPU.ActiveCfg = Release|Any CPU
		{D98F77FA-9709-45EB-BCA4-5ABCB6493F01}.Release|Any CPU.Build.0 = Release|Any CPU
	EndGlobalSection
	GlobalSection(SolutionProperties) = preSolution
		HideSolutionNode = FALSE
	EndGlobalSection
	GlobalSection(ExtensibilityGlobals) = postSolution
		SolutionGuid = {688D7435-3958-4D39-A2EA-0616936851D3}
	EndGlobalSection
EndGlobal
